{
  "version": 4,
  "terraform_version": "1.9.8",
  "serial": 23,
  "lineage": "24f47804-51da-6615-780c-905cf4409d7e",
  "outputs": {
    "alb_dns": {
      "value": "callbot-alb-519600343.ap-northeast-2.elb.amazonaws.com",
      "type": "string"
    },
    "cloudfront_url": {
      "value": "https://d2hlklbiox15zw.cloudfront.net",
      "type": "string"
    },
    "ec2_public_ip": {
      "value": "43.200.154.140",
      "type": "string"
    },
    "key_file": {
      "value": "./callbot-key.pem",
      "type": "string"
    }
  },
  "resources": [
    {
      "mode": "data",
      "type": "aws_ami",
      "name": "amazon_linux_2023",
      "provider": "provider[\"registry.terraform.io/hashicorp/aws\"].seoul",
      "instances": [
        {
          "schema_version": 0,
          "attributes": {
            "architecture": "x86_64",
            "arn": "arn:aws:ec2:ap-northeast-2::image/ami-02196008b76e66ca6",
            "block_device_mappings": [
              {
                "device_name": "/dev/xvda",
                "ebs": {
                  "delete_on_termination": "true",
                  "encrypted": "false",
                  "iops": "3000",
                  "snapshot_id": "snap-0d783b4783b8190e2",
                  "throughput": "125",
                  "volume_initialization_rate": "0",
                  "volume_size": "30",
                  "volume_type": "gp3"
                },
                "no_device": "",
                "virtual_name": ""
              }
            ],
            "boot_mode": "uefi-preferred",
            "creation_date": "2026-03-07T03:24:20.000Z",
            "deprecation_time": "2028-03-07T03:24:20.000Z",
            "description": "Amazon Linux AMI 2023.0.20260307 x86_64 ECS HVM EBS",
            "ena_support": true,
            "executable_users": null,
            "filter": [
              {
                "name": "name",
                "values": [
                  "al2023-ami-*-x86_64"
                ]
              },
              {
                "name": "virtualization-type",
                "values": [
                  "hvm"
                ]
              }
            ],
            "hypervisor": "xen",
            "id": "ami-02196008b76e66ca6",
            "image_id": "ami-02196008b76e66ca6",
            "image_location": "amazon/al2023-ami-ecs-hvm-2023.0.20260307-kernel-6.1-x86_64",
            "image_owner_alias": "amazon",
            "image_type": "machine",
            "imds_support": "v2.0",
            "include_deprecated": false,
            "kernel_id": "",
            "last_launched_time": "",
            "most_recent": true,
            "name": "al2023-ami-ecs-hvm-2023.0.20260307-kernel-6.1-x86_64",
            "name_regex": null,
            "owner_id": "591542846629",
            "owners": [
              "amazon"
            ],
            "platform": "",
            "platform_details": "Linux/UNIX",
            "product_codes": [],
            "public": true,
            "ramdisk_id": "",
            "root_device_name": "/dev/xvda",
            "root_device_type": "ebs",
            "root_snapshot_id": "snap-0d783b4783b8190e2",
            "sriov_net_support": "simple",
            "state": "available",
            "state_reason": {
              "code": "UNSET",
              "message": "UNSET"
            },
            "tags": {},
            "timeouts": null,
            "tpm_support": "",
            "uefi_data": null,
            "usage_operation": "RunInstances",
            "virtualization_type": "hvm"
          },
          "sensitive_attributes": []
        }
      ]
    },
    {
      "mode": "data",
      "type": "aws_ec2_managed_prefix_list",
      "name": "cloudfront",
      "provider": "provider[\"registry.terraform.io/hashicorp/aws\"].seoul",
      "instances": [
        {
          "schema_version": 0,
          "attributes": {
            "address_family": "IPv4",
            "arn": "arn:aws:ec2:ap-northeast-2:aws:prefix-list/pl-22a6434b",
            "entries": [
              {
                "cidr": "13.124.199.0/24",
                "description": ""
              },
              {
                "cidr": "130.176.0.0/18",
                "description": ""
              },
              {
                "cidr": "130.176.128.0/21",
                "description": ""
              },
              {
                "cidr": "130.176.136.0/23",
                "description": ""
              },
              {
                "cidr": "130.176.140.0/22",
                "description": ""
              },
              {
                "cidr": "130.176.144.0/20",
                "description": ""
              },
              {
                "cidr": "130.176.160.0/19",
                "description": ""
              },
              {
                "cidr": "130.176.192.0/19",
                "description": ""
              },
              {
                "cidr": "130.176.64.0/21",
                "description": ""
              },
              {
                "cidr": "130.176.72.0/22",
                "description": ""
              },
              {
                "cidr": "130.176.76.0/24",
                "description": ""
              },
              {
                "cidr": "130.176.78.0/23",
                "description": ""
              },
              {
                "cidr": "130.176.80.0/22",
                "description": ""
              },
              {
                "cidr": "130.176.86.0/23",
                "description": ""
              },
              {
                "cidr": "130.176.88.0/21",
                "description": ""
              },
              {
                "cidr": "130.176.96.0/19",
                "description": ""
              },
              {
                "cidr": "15.158.0.0/16",
                "description": ""
              },
              {
                "cidr": "18.68.0.0/16",
                "description": ""
              },
              {
                "cidr": "204.246.166.0/24",
                "description": ""
              },
              {
                "cidr": "205.251.218.0/24",
                "description": ""
              },
              {
                "cidr": "3.172.0.0/18",
                "description": ""
              },
              {
                "cidr": "3.172.64.0/18",
                "description": ""
              },
              {
                "cidr": "3.29.57.0/26",
                "description": ""
              },
              {
                "cidr": "52.46.0.0/18",
                "description": ""
              },
              {
                "cidr": "52.82.128.0/23",
                "description": ""
              },
              {
                "cidr": "52.82.134.0/23",
                "description": ""
              },
              {
                "cidr": "54.182.128.0/20",
                "description": ""
              },
              {
                "cidr": "54.182.144.0/21",
                "description": ""
              },
              {
                "cidr": "54.182.154.0/23",
                "description": ""
              },
              {
                "cidr": "54.182.156.0/22",
                "description": ""
              },
              {
                "cidr": "54.182.160.0/21",
                "description": ""
              },
              {
                "cidr": "54.182.172.0/22",
                "description": ""
              },
              {
                "cidr": "54.182.176.0/21",
                "description": ""
              },
              {
                "cidr": "54.182.184.0/22",
                "description": ""
              },
              {
                "cidr": "54.182.188.0/23",
                "description": ""
              },
              {
                "cidr": "54.182.224.0/21",
                "description": ""
              },
              {
                "cidr": "54.182.240.0/21",
                "description": ""
              },
              {
                "cidr": "54.182.248.0/22",
                "description": ""
              },
              {
                "cidr": "54.239.134.0/23",
                "description": ""
              },
              {
                "cidr": "54.239.170.0/23",
                "description": ""
              },
              {
                "cidr": "54.239.204.0/22",
                "description": ""
              },
              {
                "cidr": "54.239.208.0/21",
                "description": ""
              },
              {
                "cidr": "64.252.128.0/18",
                "description": ""
              },
              {
                "cidr": "64.252.64.0/18",
                "description": ""
              },
              {
                "cidr": "70.132.0.0/18",
                "description": ""
              }
            ],
            "filter": null,
            "id": "pl-22a6434b",
            "max_entries": 0,
            "name": "com.amazonaws.global.cloudfront.origin-facing",
            "owner_id": "AWS",
            "tags": {},
            "timeouts": null,
            "version": 0
          },
          "sensitive_attributes": []
        }
      ]
    },
    {
      "mode": "data",
      "type": "aws_subnets",
      "name": "public",
      "provider": "provider[\"registry.terraform.io/hashicorp/aws\"].seoul",
      "instances": [
        {
          "schema_version": 0,
          "attributes": {
            "filter": [
              {
                "name": "map-public-ip-on-launch",
                "values": [
                  "true"
                ]
              },
              {
                "name": "vpc-id",
                "values": [
                  "vpc-02a6622e06edfbd2d"
                ]
              }
            ],
            "id": "ap-northeast-2",
            "ids": [
              "subnet-0a2a393f4ff44dc06",
              "subnet-09aa40f9d42b2db72"
            ],
            "tags": null,
            "timeouts": null
          },
          "sensitive_attributes": []
        }
      ]
    },
    {
      "mode": "data",
      "type": "aws_vpc",
      "name": "main",
      "provider": "provider[\"registry.terraform.io/hashicorp/aws\"].seoul",
      "instances": [
        {
          "schema_version": 0,
          "attributes": {
            "arn": "arn:aws:ec2:ap-northeast-2:961676526279:vpc/vpc-02a6622e06edfbd2d",
            "cidr_block": "10.254.0.0/16",
            "cidr_block_associations": [
              {
                "association_id": "vpc-cidr-assoc-05b567622b456cab3",
                "cidr_block": "10.254.0.0/16",
                "state": "associated"
              }
            ],
            "default": false,
            "dhcp_options_id": "dopt-026316f3f9bb0a3e5",
            "enable_dns_hostnames": true,
            "enable_dns_support": true,
            "enable_network_address_usage_metrics": false,
            "filter": null,
            "id": "vpc-02a6622e06edfbd2d",
            "instance_tenancy": "default",
            "ipv6_association_id": "",
            "ipv6_cidr_block": "",
            "main_route_table_id": "rtb-057aecaee8ac2c8f5",
            "owner_id": "961676526279",
            "state": null,
            "tags": {
              "Name": "mgmt-vpc-new-VPC"
            },
            "timeouts": null
          },
          "sensitive_attributes": []
        }
      ]
    },
    {
      "mode": "managed",
      "type": "aws_cloudfront_distribution",
      "name": "main",
      "provider": "provider[\"registry.terraform.io/hashicorp/aws\"]",
      "instances": [
        {
          "schema_version": 1,
          "attributes": {
            "aliases": [],
            "arn": "arn:aws:cloudfront::961676526279:distribution/E2TRVDNBPEL9CK",
            "caller_reference": "terraform-20260322111738756900000001",
            "comment": null,
            "continuous_deployment_policy_id": "",
            "custom_error_response": [],
            "default_cache_behavior": [
              {
                "allowed_methods": [
                  "DELETE",
                  "GET",
                  "HEAD",
                  "OPTIONS",
                  "PATCH",
                  "POST",
                  "PUT"
                ],
                "cache_policy_id": "4135ea2d-6df8-44a3-9df3-4b5a84be39ad",
                "cached_methods": [
                  "GET",
                  "HEAD"
                ],
                "compress": true,
                "default_ttl": 0,
                "field_level_encryption_id": "",
                "forwarded_values": [],
                "function_association": [],
                "grpc_config": [
                  {
                    "enabled": false
                  }
                ],
                "lambda_function_association": [],
                "max_ttl": 0,
                "min_ttl": 0,
                "origin_request_policy_id": "216adef6-5c7f-47e4-b989-5492eafa07d3",
                "realtime_log_config_arn": "",
                "response_headers_policy_id": "",
                "smooth_streaming": false,
                "target_origin_id": "callbot-alb-519600343.ap-northeast-2.elb.amazonaws.com",
                "trusted_key_groups": [],
                "trusted_signers": [],
                "viewer_protocol_policy": "redirect-to-https"
              }
            ],
            "default_root_object": "",
            "domain_name": "d2hlklbiox15zw.cloudfront.net",
            "enabled": true,
            "etag": "ETVPDKIKX0DER",
            "hosted_zone_id": "Z2FDTNDATAQYW2",
            "http_version": "http2",
            "id": "E2TRVDNBPEL9CK",
            "in_progress_validation_batches": 0,
            "is_ipv6_enabled": true,
            "last_modified_time": "2026-03-22 11:21:27.736 +0000 UTC",
            "logging_config": [],
            "ordered_cache_behavior": [],
            "origin": [
              {
                "connection_attempts": 3,
                "connection_timeout": 10,
                "custom_header": [],
                "custom_origin_config": [
                  {
                    "http_port": 80,
                    "https_port": 443,
                    "origin_keepalive_timeout": 60,
                    "origin_protocol_policy": "http-only",
                    "origin_read_timeout": 60,
                    "origin_ssl_protocols": [
                      "TLSv1.2"
                    ]
                  }
                ],
                "domain_name": "callbot-alb-519600343.ap-northeast-2.elb.amazonaws.com",
                "origin_access_control_id": "",
                "origin_id": "callbot-alb-519600343.ap-northeast-2.elb.amazonaws.com",
                "origin_path": "",
                "origin_shield": [],
                "s3_origin_config": [],
                "vpc_origin_config": []
              }
            ],
            "origin_group": [],
            "price_class": "PriceClass_All",
            "restrictions": [
              {
                "geo_restriction": [
                  {
                    "locations": [],
                    "restriction_type": "none"
                  }
                ]
              }
            ],
            "retain_on_delete": false,
            "staging": false,
            "status": "Deployed",
            "tags": {},
            "tags_all": {},
            "trusted_key_groups": [
              {
                "enabled": false,
                "items": []
              }
            ],
            "trusted_signers": [
              {
                "enabled": false,
                "items": []
              }
            ],
            "viewer_certificate": [
              {
                "acm_certificate_arn": "",
                "cloudfront_default_certificate": true,
                "iam_certificate_id": "",
                "minimum_protocol_version": "TLSv1",
                "ssl_support_method": ""
              }
            ],
            "wait_for_deployment": true,
            "web_acl_id": ""
          },
          "sensitive_attributes": [],
          "private": "eyJzY2hlbWFfdmVyc2lvbiI6IjEifQ==",
          "dependencies": [
            "aws_lb.main",
            "aws_security_group.alb",
            "data.aws_ec2_managed_prefix_list.cloudfront",
            "data.aws_subnets.public",
            "data.aws_vpc.main"
          ]
        }
      ]
    },
    {
      "mode": "managed",
      "type": "aws_eip",
      "name": "app",
      "provider": "provider[\"registry.terraform.io/hashicorp/aws\"].seoul",
      "instances": [
        {
          "schema_version": 0,
          "attributes": {
            "address": null,
            "allocation_id": "eipalloc-034cc4f11e641a881",
            "arn": "arn:aws:ec2:ap-northeast-2:961676526279:elastic-ip/eipalloc-034cc4f11e641a881",
            "associate_with_private_ip": null,
            "association_id": "",
            "carrier_ip": "",
            "customer_owned_ip": "",
            "customer_owned_ipv4_pool": "",
            "domain": "vpc",
            "id": "eipalloc-034cc4f11e641a881",
            "instance": "",
            "ipam_pool_id": null,
            "network_border_group": "ap-northeast-2",
            "network_interface": "",
            "private_dns": null,
            "private_ip": "",
            "ptr_record": "",
            "public_dns": "ec2-43-200-154-140.ap-northeast-2.compute.amazonaws.com",
            "public_ip": "43.200.154.140",
            "public_ipv4_pool": "amazon",
            "tags": null,
            "tags_all": {},
            "timeouts": null,
            "vpc": true
          },
          "sensitive_attributes": [],
          "private": "eyJlMmJmYjczMC1lY2FhLTExZTYtOGY4OC0zNDM2M2JjN2M0YzAiOnsiZGVsZXRlIjoxODAwMDAwMDAwMDAsInJlYWQiOjkwMDAwMDAwMDAwMCwidXBkYXRlIjozMDAwMDAwMDAwMDB9fQ=="
        }
      ]
    },
    {
      "mode": "managed",
      "type": "aws_eip_association",
      "name": "app",
      "provider": "provider[\"registry.terraform.io/hashicorp/aws\"].seoul",
      "instances": [
        {
          "schema_version": 0,
          "attributes": {
            "allocation_id": "eipalloc-034cc4f11e641a881",
            "allow_reassociation": null,
            "id": "eipassoc-033a0e81f442cee1d",
            "instance_id": "i-0e656aeaf1dde6bad",
            "network_interface_id": "eni-071dd3b51f7673a42",
            "private_ip_address": "10.254.11.9",
            "public_ip": "43.200.154.140"
          },
          "sensitive_attributes": [],
          "private": "bnVsbA==",
          "dependencies": [
            "aws_eip.app",
            "aws_iam_instance_profile.app",
            "aws_iam_role.app",
            "aws_instance.app",
            "aws_key_pair.app",
            "aws_security_group.alb",
            "aws_security_group.ec2",
            "data.aws_ami.amazon_linux_2023",
            "data.aws_ec2_managed_prefix_list.cloudfront",
            "data.aws_subnets.public",
            "data.aws_vpc.main",
            "tls_private_key.app"
          ]
        }
      ]
    },
    {
      "mode": "managed",
      "type": "aws_iam_instance_profile",
      "name": "app",
      "provider": "provider[\"registry.terraform.io/hashicorp/aws\"].seoul",
      "instances": [
        {
          "schema_version": 0,
          "attributes": {
            "arn": "arn:aws:iam::961676526279:instance-profile/callbot-profile",
            "create_date": "2026-03-22T11:12:32Z",
            "id": "callbot-profile",
            "name": "callbot-profile",
            "name_prefix": "",
            "path": "/",
            "role": "callbot-role",
            "tags": {},
            "tags_all": {},
            "unique_id": "AIPA572DDILDVQ72AGLIN"
          },
          "sensitive_attributes": [],
          "private": "bnVsbA==",
          "dependencies": [
            "aws_iam_role.app"
          ]
        }
      ]
    },
    {
      "mode": "managed",
      "type": "aws_iam_role",
      "name": "app",
      "provider": "provider[\"registry.terraform.io/hashicorp/aws\"].seoul",
      "instances": [
        {
          "schema_version": 0,
          "attributes": {
            "arn": "arn:aws:iam::961676526279:role/callbot-role",
            "assume_role_policy": "{\"Statement\":[{\"Action\":\"sts:AssumeRole\",\"Effect\":\"Allow\",\"Principal\":{\"Service\":\"ec2.amazonaws.com\"}}],\"Version\":\"2012-10-17\"}",
            "create_date": "2026-03-22T11:12:31Z",
            "description": "",
            "force_detach_policies": false,
            "id": "callbot-role",
            "inline_policy": [
              {
                "name": "bedrock-invoke",
                "policy": "{\"Version\":\"2012-10-17\",\"Statement\":[{\"Action\":[\"bedrock:InvokeModel\",\"bedrock:InvokeModelWithResponseStream\"],\"Effect\":\"Allow\",\"Resource\":\"*\"}]}"
              },
              {
                "name": "voice-io",
                "policy": "{\"Version\":\"2012-10-17\",\"Statement\":[{\"Action\":[\"transcribe:*\"],\"Effect\":\"Allow\",\"Resource\":\"*\"},{\"Action\":[\"polly:SynthesizeSpeech\",\"polly:DescribeVoices\"],\"Effect\":\"Allow\",\"Resource\":\"*\"}]}"
              }
            ],
            "managed_policy_arns": [
              "arn:aws:iam::aws:policy/AmazonSSMManagedInstanceCore"
            ],
            "max_session_duration": 3600,
            "name": "callbot-role",
            "name_prefix": "",
            "path": "/",
            "permissions_boundary": "",
            "tags": {},
            "tags_all": {},
            "unique_id": "AROA572DDILD2PFQYNUYX"
          },
          "sensitive_attributes": [],
          "private": "bnVsbA=="
        }
      ]
    },
    {
      "mode": "managed",
      "type": "aws_iam_role_policy",
      "name": "bedrock",
      "provider": "provider[\"registry.terraform.io/hashicorp/aws\"].seoul",
      "instances": [
        {
          "schema_version": 0,
          "attributes": {
            "id": "callbot-role:bedrock-invoke",
            "name": "bedrock-invoke",
            "name_prefix": "",
            "policy": "{\"Version\":\"2012-10-17\",\"Statement\":[{\"Action\":[\"bedrock:InvokeModel\",\"bedrock:InvokeModelWithResponseStream\"],\"Effect\":\"Allow\",\"Resource\":\"*\"}]}",
            "role": "callbot-role"
          },
          "sensitive_attributes": [],
          "private": "bnVsbA==",
          "dependencies": [
            "aws_iam_role.app"
          ]
        }
      ]
    },
    {
      "mode": "managed",
      "type": "aws_iam_role_policy",
      "name": "voice_io",
      "provider": "provider[\"registry.terraform.io/hashicorp/aws\"].seoul",
      "instances": [
        {
          "schema_version": 0,
          "attributes": {
            "id": "callbot-role:voice-io",
            "name": "voice-io",
            "name_prefix": "",
            "policy": "{\"Version\":\"2012-10-17\",\"Statement\":[{\"Action\":[\"transcribe:*\"],\"Effect\":\"Allow\",\"Resource\":\"*\"},{\"Action\":[\"polly:SynthesizeSpeech\",\"polly:DescribeVoices\"],\"Effect\":\"Allow\",\"Resource\":\"*\"}]}",
            "role": "callbot-role"
          },
          "sensitive_attributes": [],
          "private": "bnVsbA==",
          "dependencies": [
            "aws_iam_role.app"
          ]
        }
      ]
    },
    {
      "mode": "managed",
      "type": "aws_iam_role_policy_attachment",
      "name": "ssm",
      "provider": "provider[\"registry.terraform.io/hashicorp/aws\"].seoul",
      "instances": [
        {
          "schema_version": 0,
          "attributes": {
            "id": "callbot-role-20260322111232524200000001",
            "policy_arn": "arn:aws:iam::aws:policy/AmazonSSMManagedInstanceCore",
            "role": "callbot-role"
          },
          "sensitive_attributes": [],
          "private": "bnVsbA==",
          "dependencies": [
            "aws_iam_role.app"
          ]
        }
      ]
    },
    {
      "mode": "managed",
      "type": "aws_instance",
      "name": "app",
      "provider": "provider[\"registry.terraform.io/hashicorp/aws\"].seoul",
      "instances": [
        {
          "schema_version": 1,
          "attributes": {
            "ami": "ami-02196008b76e66ca6",
            "arn": "arn:aws:ec2:ap-northeast-2:961676526279:instance/i-0e656aeaf1dde6bad",
            "associate_public_ip_address": true,
            "availability_zone": "ap-northeast-2a",
            "capacity_reservation_specification": [
              {
                "capacity_reservation_preference": "open",
                "capacity_reservation_target": []
              }
            ],
            "cpu_core_count": 1,
            "cpu_options": [
              {
                "amd_sev_snp": "",
                "core_count": 1,
                "threads_per_core": 2
              }
            ],
            "cpu_threads_per_core": 2,
            "credit_specification": [
              {
                "cpu_credits": "unlimited"
              }
            ],
            "disable_api_stop": false,
            "disable_api_termination": false,
            "ebs_block_device": [],
            "ebs_optimized": true,
            "enable_primary_ipv6": null,
            "enclave_options": [
              {
                "enabled": false
              }
            ],
            "ephemeral_block_device": [],
            "get_password_data": false,
            "hibernation": false,
            "host_id": "",
            "host_resource_group_arn": null,
            "iam_instance_profile": "callbot-profile",
            "id": "i-0e656aeaf1dde6bad",
            "instance_initiated_shutdown_behavior": "stop",
            "instance_lifecycle": "",
            "instance_market_options": [],
            "instance_state": "running",
            "instance_type": "t3.small",
            "ipv6_address_count": 0,
            "ipv6_addresses": [],
            "key_name": "callbot-key",
            "launch_template": [],
            "maintenance_options": [
              {
                "auto_recovery": "default"
              }
            ],
            "metadata_options": [
              {
                "http_endpoint": "enabled",
                "http_protocol_ipv6": "disabled",
                "http_put_response_hop_limit": 2,
                "http_tokens": "required",
                "instance_metadata_tags": "disabled"
              }
            ],
            "monitoring": false,
            "network_interface": [],
            "outpost_arn": "",
            "password_data": "",
            "placement_group": "",
            "placement_partition_number": 0,
            "primary_network_interface_id": "eni-071dd3b51f7673a42",
            "private_dns": "ip-10-254-11-9.ap-northeast-2.compute.internal",
            "private_dns_name_options": [
              {
                "enable_resource_name_dns_a_record": false,
                "enable_resource_name_dns_aaaa_record": false,
                "hostname_type": "ip-name"
              }
            ],
            "private_ip": "10.254.11.9",
            "public_dns": "ec2-43-201-55-187.ap-northeast-2.compute.amazonaws.com",
            "public_ip": "43.201.55.187",
            "root_block_device": [
              {
                "delete_on_termination": true,
                "device_name": "/dev/xvda",
                "encrypted": false,
                "iops": 3000,
                "kms_key_id": "",
                "tags": {},
                "tags_all": {},
                "throughput": 125,
                "volume_id": "vol-025cbd8c83b4dfcca",
                "volume_size": 30,
                "volume_type": "gp3"
              }
            ],
            "secondary_private_ips": [],
            "security_groups": [],
            "source_dest_check": true,
            "spot_instance_request_id": "",
            "subnet_id": "subnet-0a2a393f4ff44dc06",
            "tags": {
              "Name": "callbot-app"
            },
            "tags_all": {
              "Name": "callbot-app"
            },
            "tenancy": "default",
            "timeouts": null,
            "user_data": "8966b5da3f1a5066c0d5b9413d38c42c33d63fe3",
            "user_data_base64": null,
            "user_data_replace_on_change": false,
            "volume_tags": null,
            "vpc_security_group_ids": [
              "sg-06235daa8c5ad5376"
            ]
          },
          "sensitive_attributes": [],
          "private": "eyJlMmJmYjczMC1lY2FhLTExZTYtOGY4OC0zNDM2M2JjN2M0YzAiOnsiY3JlYXRlIjo2MDAwMDAwMDAwMDAsImRlbGV0ZSI6MTIwMDAwMDAwMDAwMCwicmVhZCI6OTAwMDAwMDAwMDAwLCJ1cGRhdGUiOjYwMDAwMDAwMDAwMH0sInNjaGVtYV92ZXJzaW9uIjoiMSJ9",
          "dependencies": [
            "aws_iam_instance_profile.app",
            "aws_iam_role.app",
            "aws_key_pair.app",
            "aws_security_group.alb",
            "aws_security_group.ec2",
            "data.aws_ami.amazon_linux_2023",
            "data.aws_ec2_managed_prefix_list.cloudfront",
            "data.aws_subnets.public",
            "data.aws_vpc.main",
            "tls_private_key.app"
          ]
        }
      ]
    },
    {
      "mode": "managed",
      "type": "aws_key_pair",
      "name": "app",
      "provider": "provider[\"registry.terraform.io/hashicorp/aws\"].seoul",
      "instances": [
        {
          "schema_version": 1,
          "attributes": {
            "arn": "arn:aws:ec2:ap-northeast-2:961676526279:key-pair/callbot-key",
            "fingerprint": "36:87:7b:68:77:ce:7c:33:16:f3:5d:f6:c8:4f:bc:4a",
            "id": "callbot-key",
            "key_name": "callbot-key",
            "key_name_prefix": "",
            "key_pair_id": "key-0e188d17efa7d5b44",
            "key_type": "rsa",
            "public_key": "ssh-rsa AAAAB3NzaC1yc2EAAAADAQABAAACAQC6gciuGi7hydCot0yfyd86DQ5U1yCQg7UmDIWaoQZ3fkFcHehzLgBAA2u1frUNZUXQyw+yiMw3GFKmPFqOPINt5YkV85S+JtEZKJsDADGxqCLcBs9BBDLrp/iiOOsUES4eGvlCgXbFfxhZXYOh8tcTAZlAxYUwqkLpuVMFCQ0XGORxvIlOaPJYwDRKKdYUOnbNQnOCbZVOW0jkPMlDun4DvCdhh98LpgkrLPLBdNZQ5J6SYvR51NVBoglLMt0hkax7Z+4b1yPPnJS/1HJzSLDRN4uZiKI4Tg3A8tAZRVtJivmiu3wE122RsiQvjWmp9DGkkQGe57iK83PoGaBfH4RnIevlFG16FXiFAt0+g3e3cK8VUbOzZzX9vetij+iYhzBge5ooBNbOqBEEyRUy5kpGX+v4QelnKTylZJEQfb3DHQswACJp1rvqQPX2IRKK5U8arj495wfJ3prUMOYn6Fnru991za8trFxpls4igx7LYNC+uaBtDUJLTbnWBeZ7kY/+OBUq45YTg9ae4x0R4uO9iXbjIYaPijOozM0WqyYHBlR4nb9gw4c4bIfEXzY263Dv1N73k6cB9czpiLs+ISw1VbBWR8VvaJ20tWJgsV92Ljh/+Onk9dysl9z6zBYA/SwDzqOvU0YHIH6edAgIqJtQky0+Lc1J5PsjTZv1d0OiPQ==",
            "tags": {},
            "tags_all": {}
          },
          "sensitive_attributes": [],
          "private": "eyJzY2hlbWFfdmVyc2lvbiI6IjEifQ==",
          "dependencies": [
            "tls_private_key.app"
          ]
        }
      ]
    },
    {
      "mode": "managed",
      "type": "aws_lb",
      "name": "main",
      "provider": "provider[\"registry.terraform.io/hashicorp/aws\"].seoul",
      "instances": [
        {
          "schema_version": 0,
          "attributes": {
            "access_logs": [
              {
                "bucket": "",
                "enabled": false,
                "prefix": ""
              }
            ],
            "arn": "arn:aws:elasticloadbalancing:ap-northeast-2:961676526279:loadbalancer/app/callbot-alb/1b137371fbc470fd",
            "arn_suffix": "app/callbot-alb/1b137371fbc470fd",
            "client_keep_alive": 3600,
            "connection_logs": [
              {
                "bucket": "",
                "enabled": false,
                "prefix": ""
              }
            ],
            "customer_owned_ipv4_pool": "",
            "desync_mitigation_mode": "defensive",
            "dns_name": "callbot-alb-519600343.ap-northeast-2.elb.amazonaws.com",
            "dns_record_client_routing_policy": null,
            "drop_invalid_header_fields": false,
            "enable_cross_zone_load_balancing": true,
            "enable_deletion_protection": false,
            "enable_http2": true,
            "enable_tls_version_and_cipher_suite_headers": false,
            "enable_waf_fail_open": false,
            "enable_xff_client_port": false,
            "enable_zonal_shift": false,
            "enforce_security_group_inbound_rules_on_private_link_traffic": "",
            "id": "arn:aws:elasticloadbalancing:ap-northeast-2:961676526279:loadbalancer/app/callbot-alb/1b137371fbc470fd",
            "idle_timeout": 120,
            "internal": false,
            "ip_address_type": "ipv4",
            "ipam_pools": [],
            "load_balancer_type": "application",
            "minimum_load_balancer_capacity": [],
            "name": "callbot-alb",
            "name_prefix": "",
            "preserve_host_header": false,
            "security_groups": [
              "sg-0ec106cb9db66bba7"
            ],
            "subnet_mapping": [
              {
                "allocation_id": "",
                "ipv6_address": "",
                "outpost_id": "",
                "private_ipv4_address": "",
                "subnet_id": "subnet-09aa40f9d42b2db72"
              },
              {
                "allocation_id": "",
                "ipv6_address": "",
                "outpost_id": "",
                "private_ipv4_address": "",
                "subnet_id": "subnet-0a2a393f4ff44dc06"
              }
            ],
            "subnets": [
              "subnet-09aa40f9d42b2db72",
              "subnet-0a2a393f4ff44dc06"
            ],
            "tags": {},
            "tags_all": {},
            "timeouts": null,
            "vpc_id": "vpc-02a6622e06edfbd2d",
            "xff_header_processing_mode": "append",
            "zone_id": "ZWKZPGTI48KDX"
          },
          "sensitive_attributes": [],
          "private": "eyJlMmJmYjczMC1lY2FhLTExZTYtOGY4OC0zNDM2M2JjN2M0YzAiOnsiY3JlYXRlIjo2MDAwMDAwMDAwMDAsImRlbGV0ZSI6NjAwMDAwMDAwMDAwLCJ1cGRhdGUiOjYwMDAwMDAwMDAwMH19",
          "dependencies": [
            "aws_security_group.alb",
            "data.aws_ec2_managed_prefix_list.cloudfront",
            "data.aws_subnets.public",
            "data.aws_vpc.main"
          ]
        }
      ]
    },
    {
      "mode": "managed",
      "type": "aws_lb_listener",
      "name": "http",
      "provider": "provider[\"registry.terraform.io/hashicorp/aws\"].seoul",
      "instances": [
        {
          "schema_version": 0,
          "attributes": {
            "alpn_policy": null,
            "arn": "arn:aws:elasticloadbalancing:ap-northeast-2:961676526279:listener/app/callbot-alb/1b137371fbc470fd/26c388fb635f0ac3",
            "certificate_arn": null,
            "default_action": [
              {
                "authenticate_cognito": [],
                "authenticate_oidc": [],
                "fixed_response": [],
                "forward": [],
                "order": 1,
                "redirect": [],
                "target_group_arn": "arn:aws:elasticloadbalancing:ap-northeast-2:961676526279:targetgroup/callbot-tg/9fc0eef989b95541",
                "type": "forward"
              }
            ],
            "id": "arn:aws:elasticloadbalancing:ap-northeast-2:961676526279:listener/app/callbot-alb/1b137371fbc470fd/26c388fb635f0ac3",
            "load_balancer_arn": "arn:aws:elasticloadbalancing:ap-northeast-2:961676526279:loadbalancer/app/callbot-alb/1b137371fbc470fd",
            "mutual_authentication": [],
            "port": 80,
            "protocol": "HTTP",
            "routing_http_request_x_amzn_mtls_clientcert_header_name": null,
            "routing_http_request_x_amzn_mtls_clientcert_issuer_header_name": null,
            "routing_http_request_x_amzn_mtls_clientcert_leaf_header_name": null,
            "routing_http_request_x_amzn_mtls_clientcert_serial_number_header_name": null,
            "routing_http_request_x_amzn_mtls_clientcert_subject_header_name": null,
            "routing_http_request_x_amzn_mtls_clientcert_validity_header_name": null,
            "routing_http_request_x_amzn_tls_cipher_suite_header_name": null,
            "routing_http_request_x_amzn_tls_version_header_name": null,
            "routing_http_response_access_control_allow_credentials_header_value": "",
            "routing_http_response_access_control_allow_headers_header_value": "",
            "routing_http_response_access_control_allow_methods_header_value": "",
            "routing_http_response_access_control_allow_origin_header_value": "",
            "routing_http_response_access_control_expose_headers_header_value": "",
            "routing_http_response_access_control_max_age_header_value": "",
            "routing_http_response_content_security_policy_header_value": "",
            "routing_http_response_server_enabled": true,
            "routing_http_response_strict_transport_security_header_value": "",
            "routing_http_response_x_content_type_options_header_value": "",
            "routing_http_response_x_frame_options_header_value": "",
            "ssl_policy": "",
            "tags": {},
            "tags_all": {},
            "tcp_idle_timeout_seconds": null,
            "timeouts": null
          },
          "sensitive_attributes": [],
          "private": "eyJlMmJmYjczMC1lY2FhLTExZTYtOGY4OC0zNDM2M2JjN2M0YzAiOnsiY3JlYXRlIjozMDAwMDAwMDAwMDAsInVwZGF0ZSI6MzAwMDAwMDAwMDAwfX0=",
          "dependencies": [
            "aws_lb.main",
            "aws_lb_target_group.main",
            "aws_security_group.alb",
            "data.aws_ec2_managed_prefix_list.cloudfront",
            "data.aws_subnets.public",
            "data.aws_vpc.main"
          ]
        }
      ]
    },
    {
      "mode": "managed",
      "type": "aws_lb_target_group",
      "name": "main",
      "provider": "provider[\"registry.terraform.io/hashicorp/aws\"].seoul",
      "instances": [
        {
          "schema_version": 0,
          "attributes": {
            "arn": "arn:aws:elasticloadbalancing:ap-northeast-2:961676526279:targetgroup/callbot-tg/9fc0eef989b95541",
            "arn_suffix": "targetgroup/callbot-tg/9fc0eef989b95541",
            "connection_termination": null,
            "deregistration_delay": "300",
            "health_check": [
              {
                "enabled": true,
                "healthy_threshold": 3,
                "interval": 30,
                "matcher": "200",
                "path": "/health",
                "port": "traffic-port",
                "protocol": "HTTP",
                "timeout": 10,
                "unhealthy_threshold": 2
              }
            ],
            "id": "arn:aws:elasticloadbalancing:ap-northeast-2:961676526279:targetgroup/callbot-tg/9fc0eef989b95541",
            "ip_address_type": "ipv4",
            "lambda_multi_value_headers_enabled": false,
            "load_balancer_arns": [
              "arn:aws:elasticloadbalancing:ap-northeast-2:961676526279:loadbalancer/app/callbot-alb/1b137371fbc470fd"
            ],
            "load_balancing_algorithm_type": "round_robin",
            "load_balancing_anomaly_mitigation": "off",
            "load_balancing_cross_zone_enabled": "use_load_balancer_configuration",
            "name": "callbot-tg",
            "name_prefix": "",
            "port": 8000,
            "preserve_client_ip": null,
            "protocol": "HTTP",
            "protocol_version": "HTTP1",
            "proxy_protocol_v2": false,
            "slow_start": 0,
            "stickiness": [
              {
                "cookie_duration": 86400,
                "cookie_name": "",
                "enabled": false,
                "type": "lb_cookie"
              }
            ],
            "tags": {},
            "tags_all": {},
            "target_failover": [
              {
                "on_deregistration": null,
                "on_unhealthy": null
              }
            ],
            "target_group_health": [
              {
                "dns_failover": [
                  {
                    "minimum_healthy_targets_count": "1",
                    "minimum_healthy_targets_percentage": "off"
                  }
                ],
                "unhealthy_state_routing": [
                  {
                    "minimum_healthy_targets_count": 1,
                    "minimum_healthy_targets_percentage": "off"
                  }
                ]
              }
            ],
            "target_health_state": [
              {
                "enable_unhealthy_connection_termination": null,
                "unhealthy_draining_interval": null
              }
            ],
            "target_type": "instance",
            "vpc_id": "vpc-02a6622e06edfbd2d"
          },
          "sensitive_attributes": [],
          "private": "bnVsbA==",
          "dependencies": [
            "data.aws_vpc.main"
          ]
        }
      ]
    },
    {
      "mode": "managed",
      "type": "aws_lb_target_group_attachment",
      "name": "app",
      "provider": "provider[\"registry.terraform.io/hashicorp/aws\"].seoul",
      "instances": [
        {
          "schema_version": 0,
          "attributes": {
            "availability_zone": null,
            "id": "arn:aws:elasticloadbalancing:ap-northeast-2:961676526279:targetgroup/callbot-tg/9fc0eef989b95541-20260322111254342000000003",
            "port": 8000,
            "target_group_arn": "arn:aws:elasticloadbalancing:ap-northeast-2:961676526279:targetgroup/callbot-tg/9fc0eef989b95541",
            "target_id": "i-0e656aeaf1dde6bad"
          },
          "sensitive_attributes": [],
          "private": "bnVsbA==",
          "dependencies": [
            "aws_iam_instance_profile.app",
            "aws_iam_role.app",
            "aws_instance.app",
            "aws_key_pair.app",
            "aws_lb_target_group.main",
            "aws_security_group.alb",
            "aws_security_group.ec2",
            "data.aws_ami.amazon_linux_2023",
            "data.aws_ec2_managed_prefix_list.cloudfront",
            "data.aws_subnets.public",
            "data.aws_vpc.main",
            "tls_private_key.app"
          ]
        }
      ]
    },
    {
      "mode": "managed",
      "type": "aws_security_group",
      "name": "alb",
      "provider": "provider[\"registry.terraform.io/hashicorp/aws\"].seoul",
      "instances": [
        {
          "schema_version": 1,
          "attributes": {
            "arn": "arn:aws:ec2:ap-northeast-2:961676526279:security-group/sg-0ec106cb9db66bba7",
            "description": "Allow CloudFront traffic",
            "egress": [
              {
                "cidr_blocks": [
                  "0.0.0.0/0"
                ],
                "description": "",
                "from_port": 0,
                "ipv6_cidr_blocks": [],
                "prefix_list_ids": [],
                "protocol": "-1",
                "security_groups": [],
                "self": false,
                "to_port": 0
              }
            ],
            "id": "sg-0ec106cb9db66bba7",
            "ingress": [
              {
                "cidr_blocks": [],
                "description": "",
                "from_port": 80,
                "ipv6_cidr_blocks": [],
                "prefix_list_ids": [
                  "pl-22a6434b"
                ],
                "protocol": "tcp",
                "security_groups": [],
                "self": false,
                "to_port": 80
              }
            ],
            "name": "callbot-alb-sg",
            "name_prefix": "",
            "owner_id": "961676526279",
            "revoke_rules_on_delete": false,
            "tags": {},
            "tags_all": {},
            "timeouts": null,
            "vpc_id": "vpc-02a6622e06edfbd2d"
          },
          "sensitive_attributes": [],
          "private": "eyJlMmJmYjczMC1lY2FhLTExZTYtOGY4OC0zNDM2M2JjN2M0YzAiOnsiY3JlYXRlIjo2MDAwMDAwMDAwMDAsImRlbGV0ZSI6OTAwMDAwMDAwMDAwfSwic2NoZW1hX3ZlcnNpb24iOiIxIn0=",
          "dependencies": [
            "data.aws_ec2_managed_prefix_list.cloudfront",
            "data.aws_vpc.main"
          ]
        }
      ]
    },
    {
      "mode": "managed",
      "type": "aws_security_group",
      "name": "ec2",
      "provider": "provider[\"registry.terraform.io/hashicorp/aws\"].seoul",
      "instances": [
        {
          "schema_version": 1,
          "attributes": {
            "arn": "arn:aws:ec2:ap-northeast-2:961676526279:security-group/sg-06235daa8c5ad5376",
            "description": "Security group for EC2 app",
            "egress": [
              {
                "cidr_blocks": [
                  "0.0.0.0/0"
                ],
                "description": "",
                "from_port": 0,
                "ipv6_cidr_blocks": [],
                "prefix_list_ids": [],
                "protocol": "-1",
                "security_groups": [],
                "self": false,
                "to_port": 0
              }
            ],
            "id": "sg-06235daa8c5ad5376",
            "ingress": [
              {
                "cidr_blocks": [
                  "0.0.0.0/0"
                ],
                "description": "",
                "from_port": 22,
                "ipv6_cidr_blocks": [],
                "prefix_list_ids": [],
                "protocol": "tcp",
                "security_groups": [],
                "self": false,
                "to_port": 22
              },
              {
                "cidr_blocks": [],
                "description": "",
                "from_port": 8000,
                "ipv6_cidr_blocks": [],
                "prefix_list_ids": [],
                "protocol": "tcp",
                "security_groups": [
                  "sg-0ec106cb9db66bba7"
                ],
                "self": false,
                "to_port": 8000
              }
            ],
            "name": "callbot-ec2-sg",
            "name_prefix": "",
            "owner_id": "961676526279",
            "revoke_rules_on_delete": false,
            "tags": {},
            "tags_all": {},
            "timeouts": null,
            "vpc_id": "vpc-02a6622e06edfbd2d"
          },
          "sensitive_attributes": [],
          "private": "eyJlMmJmYjczMC1lY2FhLTExZTYtOGY4OC0zNDM2M2JjN2M0YzAiOnsiY3JlYXRlIjo2MDAwMDAwMDAwMDAsImRlbGV0ZSI6OTAwMDAwMDAwMDAwfSwic2NoZW1hX3ZlcnNpb24iOiIxIn0=",
          "dependencies": [
            "aws_security_group.alb",
            "data.aws_ec2_managed_prefix_list.cloudfront",
            "data.aws_vpc.main"
          ]
        }
      ]
    },
    {
      "mode": "managed",
      "type": "local_file",
      "name": "private_key",
      "provider": "provider[\"registry.terraform.io/hashicorp/local\"]",
      "instances": [
        {
          "schema_version": 0,
          "attributes": {
            "content": "-----BEGIN RSA PRIVATE KEY-----\nMIIJJwIBAAKCAgEAuoHIrhou4cnQqLdMn8nfOg0OVNcgkIO1JgyFmqEGd35BXB3o\ncy4AQANrtX61DWVF0MsPsojMNxhSpjxajjyDbeWJFfOUvibRGSibAwAxsagi3AbP\nQQQy66f4ojjrFBEuHhr5QoF2xX8YWV2DofLXEwGZQMWFMKpC6blTBQkNFxjkcbyJ\nTmjyWMA0SinWFDp2zUJzgm2VTltI5DzJQ7p+A7wnYYffC6YJKyzywXTWUOSekmL0\nedTVQaIJSzLdIZGse2fuG9cjz5yUv9Ryc0iw0TeLmYiiOE4NwPLQGUVbSYr5ort8\nBNdtkbIkL41pqfQxpJEBnue4ivNz6BmgXx+EZyHr5RRtehV4hQLdPoN3t3CvFVGz\ns2c1/b3rYo/omIcwYHuaKATWzqgRBMkVMuZKRl/r+EHpZyk8pWSREH29wx0LMAAi\nada76kD19iESiuVPGq4+PecHyd6a1DDmJ+hZ67vfdc2vLaxcaZbOIoMey2DQvrmg\nbQ1CS0251gXme5GP/jgVKuOWE4PWnuMdEeLjvYl24yGGj4ozqMzNFqsmBwZUeJ2/\nYMOHOGyHxF82Nutw79Te95OnAfXM6Yi7PiEsNVWwVkfFb2idtLViYLFfdi44f/jp\n5PXcrJfc+swWAP0sA86jr1NGByB+nnQICKibUJMtPi3NSeT7I02b9XdDoj0CAwEA\nAQKCAgAFFbQ9sOeNztWCQAsWASg1mjUFkZ7o6bpW2PkMg+7b86R/CS608zBdDmrR\nliyD+rqaTGr3ZFzi9KYOM6+JWLOBm8QuxccMnxzMyYteW9M/A3U91+6vGFj2DUyN\nSa15DNXbysL4cfSlwkcM6qyDzg3Yjg7aUfhFYSL1YdDWXo6NjmduBWSd72UKD+Vt\nDzJvtz9VbcYd7HRpYDo+xLx8/PjiC69sLIrjc6mk1HMi3JdaOb1sAsglCS0uPqdv\ntimKuIDCFY2Lk0Q97QguKbHcHEN71L6Y1z2K+O/NjqEnSzmHqgMP0Xo6XJA3bGqp\npDqZAFgZIz3u0eT5XtVOYuJ5LXAL3s/6S+I9oBPQRRtvqur0648r5GHoCvKPf/Bf\n/U+UR5CTk/+QPQm67xBZmpcVHbAnGrmkT1HIbwTOJ580fTjcPq8500ZTEd092LpV\nN0fQa5dTRXunmMsitMecG+bVStrntEM6qoaywKbeUYhwBIy08SKQLK8gnuQok9wE\nJu+gK1NGHyd8z/MXFB1ahUY6NScK9401msU61J5Tunjln08fJOl7GM3oQwpm2lrf\nhug5pWE2+zEsSDV9GWLr78/BNs76cz8Ns5uf2D7n4RjWJklWxlgh5z9LoM3nBhRa\nNL+TrIzXk5Icazm4o+hoFXjMXSmhZPyHkdOoLcj27W66o93+eQKCAQEA7PAoLnuF\n+MY7bqKmlLtDsZ0L9pQi7u6/EYweE8LyOjUChMDr5BmGNmWBbrA9gINnNv/y9pgc\nmiAO5CM+pH4h7ZJZAXrTKtyOR0p5nn90IDKaPUr+GYtuwknbmOu+x3V1LVoU3sS4\nn3GGXHvdBn8CFhzHYUVvVkYt0FXb1jgfH9PN6ZU/OTN/T4zan8abBGFd9A9pnqR0\na1cigA9QakJdAatANuFDYQL06c9DJL3he5hhP6CiA5Pv6DR+cSlYX0cgHYAY7RE3\nWhzn95qVw7nboasLCeRYC2+vC4vHUpWogkHYhB9X2lxPLmMDOSPK8Ho6otRpfEPu\noa8wOxcO3vaiyQKCAQEAyYL5xmIRAinEMxfqu1FXDYmJVI+5nHoLRdbzJhBJ1KZi\nJPak9MsvVBQUyahywwwj18GR4+Tm3eE16FxS85jlV88E/I5ANmmXXjBP5hykTigE\n9sgKMFBDMgySgdmk4kCLvNhGSHKQ8HWw/NGjJ+pTyqYGI4zqTE+dQSEQuS/ndzk9\nv8e+LyUlGXgiF1DzZN37WQ8xltKLwgf+yeAu40I7zDEnKvEEkc92qNX3Eb5H9C6d\nWpXYJApuBNo+WzR6LuaoXlXbeRqGhPUNEn9wN2Z7QKo4TxifxzYIVRDdWcvvcKHe\nJiIy0R2aoIpupwvzy0HserEU1JtfbRzsmpLudhwp1QKCAQBGTcQ+dpx8AqXj4BM5\nko81hnnkQnRTHThIhqDuECw7pTsIFQ5pckFmppvPMjAtj8/ye+Ol0+C4wsZoXyTZ\nPivnCEOssrsxvpvg/3Iy23KjkyA9C6F2Bu9oau3j5B+Jo4qPWGlU6F43wUGy83XT\n1Z/S29s1O5sbqFsztCY03BYwJXK12nkWCfe+rPa57f5VQGbWYjRexEFfEE3GXcTo\noqRiOGQnZJPPl0cAkWVE46qiN8azUICCO0U2S00xWqlELCCVYEsFHNSlwmn6CD5k\nAyPuRohR+RU+33a7IFCWap3DeLI8EejJfBZqlyp/q+UtkbcQVaKvIqEODKNtBRx+\ngAQxAoIBAC3KIU+/APZo3zhs+t3NweZFlnssnZS89srL6TyA/wXfOPYFRb6KXRrR\n5Vdde5Zur8ZbKfeLEBrjDgja0c6gs5ycYhmxiU3T+J1ihQVZBMztsxMQqaAI3PwG\nd1QiTKFM4XPsASx9PAon9Cu+x0BOsvOdfk+dua/Vd3pRNSefhw1EaI+np8O2wRNk\nhPqfXm9RMcgu96m59iAFCRR+aKkjZ8sicDAFzHAFoIUE+buCbX9DCGaJHjAyXoWj\nwf+fkRQPPbsR72k5ac/Ujz/gzXMJSoCLLXhrtALkeEg8KNA60xHY9k3b/4gdHgHU\n8wfqY1+Qf1fx3TXiiHCW3fzR3nXgOHECggEAOCCoyeQJOJftbYnRWpKWPZnECNpn\nbahsqMsVdUnJjEzKNOkFvQIl8QqR1KsZ2QK/a+yFaq+HoaLbiUD7Yv0VqiaVH43U\njtYZW0LRIqhPAcSv2p1SD6JAaf8ghLM9QIBvudL4Ji8JUjbCDNWc+R1XI5WW9zhE\n/svtrTUlSjqjyQnrp0eTn6EHHwVfX2ogsBVl05VbHrdZ4HYl10tulNQb8tXMJrZz\nP8s66RP5ljFDAgVt5tNItC4Nc7uw9umm6GTsCfitPHvbIRMxPMu7PIz4aKscCjGu\n4O4yxEV5hjz95IM0Tu7fYty1JVRwu4lYtSczEQ3LXZiEpjhSil+0SGnV/Q==\n-----END RSA PRIVATE KEY-----\n",
            "content_base64": null,
            "content_base64sha256": "7y3nn7cCW1OMPQb6rQ038mLEf6s8jGnTIKl1Vtm8zus=",
            "content_base64sha512": "QJ5q3lPfzQiGMauG0Lu77IYuY30Tmsop8UX8kn5BduB8e1ndWDCFTG1j31ci60C2dVsC1gWasa5v52yXzzHaoA==",
            "content_md5": "aec2263fd6748a205ee68e9cf3aa87c3",
            "content_sha1": "90228beaa3449699c34f5485a97f351a6b6c9dc0",
            "content_sha256": "ef2de79fb7025b538c3d06faad0d37f262c47fab3c8c69d320a97556d9bcceeb",
            "content_sha512": "409e6ade53dfcd088631ab86d0bbbbec862e637d139aca29f145fc927e4176e07c7b59dd5830854c6d63df5722eb40b6755b02d6059ab1ae6fe76c97cf31daa0",
            "directory_permission": "0777",
            "file_permission": "0400",
            "filename": "./callbot-key.pem",
            "id": "90228beaa3449699c34f5485a97f351a6b6c9dc0",
            "sensitive_content": null,
            "source": null
          },
          "sensitive_attributes": [
            [
              {
                "type": "get_attr",
                "value": "content"
              }
            ],
            [
              {
                "type": "get_attr",
                "value": "sensitive_content"
              }
            ]
          ],
          "dependencies": [
            "tls_private_key.app"
          ]
        }
      ]
    },
    {
      "mode": "managed",
      "type": "tls_private_key",
      "name": "app",
      "provider": "provider[\"registry.terraform.io/hashicorp/tls\"]",
      "instances": [
        {
          "schema_version": 1,
          "attributes": {
            "algorithm": "RSA",
            "ecdsa_curve": "P224",
            "id": "6eecd4289d99a420c860ccc8e5c4a6d73531763f",
            "private_key_openssh": "-----BEGIN OPENSSH PRIVATE KEY-----\nb3BlbnNzaC1rZXktdjEAAAAABG5vbmUAAAAEbm9uZQAAAAAAAAABAAACFwAAAAdz\nc2gtcnNhAAAAAwEAAQAAAgEAuoHIrhou4cnQqLdMn8nfOg0OVNcgkIO1JgyFmqEG\nd35BXB3ocy4AQANrtX61DWVF0MsPsojMNxhSpjxajjyDbeWJFfOUvibRGSibAwAx\nsagi3AbPQQQy66f4ojjrFBEuHhr5QoF2xX8YWV2DofLXEwGZQMWFMKpC6blTBQkN\nFxjkcbyJTmjyWMA0SinWFDp2zUJzgm2VTltI5DzJQ7p+A7wnYYffC6YJKyzywXTW\nUOSekmL0edTVQaIJSzLdIZGse2fuG9cjz5yUv9Ryc0iw0TeLmYiiOE4NwPLQGUVb\nSYr5ort8BNdtkbIkL41pqfQxpJEBnue4ivNz6BmgXx+EZyHr5RRtehV4hQLdPoN3\nt3CvFVGzs2c1/b3rYo/omIcwYHuaKATWzqgRBMkVMuZKRl/r+EHpZyk8pWSREH29\nwx0LMAAiada76kD19iESiuVPGq4+PecHyd6a1DDmJ+hZ67vfdc2vLaxcaZbOIoMe\ny2DQvrmgbQ1CS0251gXme5GP/jgVKuOWE4PWnuMdEeLjvYl24yGGj4ozqMzNFqsm\nBwZUeJ2/YMOHOGyHxF82Nutw79Te95OnAfXM6Yi7PiEsNVWwVkfFb2idtLViYLFf\ndi44f/jp5PXcrJfc+swWAP0sA86jr1NGByB+nnQICKibUJMtPi3NSeT7I02b9XdD\noj0AAAc4AeNKMgHjSjIAAAAHc3NoLXJzYQAAAgEAuoHIrhou4cnQqLdMn8nfOg0O\nVNcgkIO1JgyFmqEGd35BXB3ocy4AQANrtX61DWVF0MsPsojMNxhSpjxajjyDbeWJ\nFfOUvibRGSibAwAxsagi3AbPQQQy66f4ojjrFBEuHhr5QoF2xX8YWV2DofLXEwGZ\nQMWFMKpC6blTBQkNFxjkcbyJTmjyWMA0SinWFDp2zUJzgm2VTltI5DzJQ7p+A7wn\nYYffC6YJKyzywXTWUOSekmL0edTVQaIJSzLdIZGse2fuG9cjz5yUv9Ryc0iw0TeL\nmYiiOE4NwPLQGUVbSYr5ort8BNdtkbIkL41pqfQxpJEBnue4ivNz6BmgXx+EZyHr\n5RRtehV4hQLdPoN3t3CvFVGzs2c1/b3rYo/omIcwYHuaKATWzqgRBMkVMuZKRl/r\n+EHpZyk8pWSREH29wx0LMAAiada76kD19iESiuVPGq4+PecHyd6a1DDmJ+hZ67vf\ndc2vLaxcaZbOIoMey2DQvrmgbQ1CS0251gXme5GP/jgVKuOWE4PWnuMdEeLjvYl2\n4yGGj4ozqMzNFqsmBwZUeJ2/YMOHOGyHxF82Nutw79Te95OnAfXM6Yi7PiEsNVWw\nVkfFb2idtLViYLFfdi44f/jp5PXcrJfc+swWAP0sA86jr1NGByB+nnQICKibUJMt\nPi3NSeT7I02b9XdDoj0AAAADAQABAAACAAUVtD2w543O1YJACxYBKDWaNQWRnujp\nulbY+QyD7tvzpH8JLrTzMF0OatGWLIP6uppMavdkXOL0pg4zr4lYs4GbxC7Fxwyf\nHMzJi15b0z8DdT3X7q8YWPYNTI1JrXkM1dvKwvhx9KXCRwzqrIPODdiODtpR+EVh\nIvVh0NZejo2OZ24FZJ3vZQoP5W0PMm+3P1Vtxh3sdGlgOj7EvHz8+OILr2wsiuNz\nqaTUcyLcl1o5vWwCyCUJLS4+p2+2KYq4gMIVjYuTRD3tCC4psdwcQ3vUvpjXPYr4\n782OoSdLOYeqAw/RejpckDdsaqmkOpkAWBkjPe7R5Ple1U5i4nktcAvez/pL4j2g\nE9BFG2+q6vTrjyvkYegK8o9/8F/9T5RHkJOT/5A9CbrvEFmalxUdsCcauaRPUchv\nBM4nnzR9ONw+rznTRlMR3T3YulU3R9Brl1NFe6eYyyK0x5wb5tVK2ue0QzqqhrLA\npt5RiHAEjLTxIpAsryCe5CiT3AQm76ArU0YfJ3zP8xcUHVqFRjo1Jwr3jTWaxTrU\nnlO6eOWfTx8k6XsYzehDCmbaWt+G6DmlYTb7MSxINX0ZYuvvz8E2zvpzPw2zm5/Y\nPufhGNYmSVbGWCHnP0ugzecGFFo0v5OsjNeTkhxrObij6GgVeMxdKaFk/IeR06gt\nyPbtbrqj3f55AAABADggqMnkCTiX7W2J0VqSlj2ZxAjaZ22obKjLFXVJyYxMyjTp\nBb0CJfEKkdSrGdkCv2vshWqvh6Gi24lA+2L9FaomlR+N1I7WGVtC0SKoTwHEr9qd\nUg+iQGn/IISzPUCAb7nS+CYvCVI2wgzVnPkdVyOVlvc4RP7L7a01JUo6o8kJ66dH\nk5+hBx8FX19qILAVZdOVWx63WeB2JddLbpTUG/LVzCa2cz/LOukT+ZYxQwIFbebT\nSLQuDXO7sPbppuhk7An4rTx72yETMTzLuzyM+GirHAoxruDuMsRFeYY8/eSDNE7u\n32LctSVUcLuJWLUnMxENy12YhKY4UopftEhp1f0AAAEBAOzwKC57hfjGO26ippS7\nQ7GdC/aUIu7uvxGMHhPC8jo1AoTA6+QZhjZlgW6wPYCDZzb/8vaYHJogDuQjPqR+\nIe2SWQF60yrcjkdKeZ5/dCAymj1K/hmLbsJJ25jrvsd1dS1aFN7EuJ9xhlx73QZ/\nAhYcx2FFb1ZGLdBV29Y4Hx/TzemVPzkzf0+M2p/GmwRhXfQPaZ6kdGtXIoAPUGpC\nXQGrQDbhQ2EC9OnPQyS94XuYYT+gogOT7+g0fnEpWF9HIB2AGO0RN1oc5/ealcO5\n26GrCwnkWAtvrwuLx1KVqIJB2IQfV9pcTy5jAzkjyvB6OqLUaXxD7qGvMDsXDt72\noskAAAEBAMmC+cZiEQIpxDMX6rtRVw2JiVSPuZx6C0XW8yYQSdSmYiT2pPTLL1QU\nFMmocsMMI9fBkePk5t3hNehcUvOY5VfPBPyOQDZpl14wT+YcpE4oBPbICjBQQzIM\nkoHZpOJAi7zYRkhykPB1sPzRoyfqU8qmBiOM6kxPnUEhELkv53c5Pb/Hvi8lJRl4\nIhdQ82Td+1kPMZbSi8IH/sngLuNCO8wxJyrxBJHPdqjV9xG+R/QunVqV2CQKbgTa\nPls0ei7mqF5V23kahoT1DRJ/cDdme0CqOE8Yn8c2CFUQ3VnL73Ch3iYiMtEdmqCK\nbqcL88tB7HqxFNSbX20c7JqS7nYcKdUAAAAAAQID\n-----END OPENSSH PRIVATE KEY-----\n",
            "private_key_pem": "-----BEGIN RSA PRIVATE KEY-----\nMIIJJwIBAAKCAgEAuoHIrhou4cnQqLdMn8nfOg0OVNcgkIO1JgyFmqEGd35BXB3o\ncy4AQANrtX61DWVF0MsPsojMNxhSpjxajjyDbeWJFfOUvibRGSibAwAxsagi3AbP\nQQQy66f4ojjrFBEuHhr5QoF2xX8YWV2DofLXEwGZQMWFMKpC6blTBQkNFxjkcbyJ\nTmjyWMA0SinWFDp2zUJzgm2VTltI5DzJQ7p+A7wnYYffC6YJKyzywXTWUOSekmL0\nedTVQaIJSzLdIZGse2fuG9cjz5yUv9Ryc0iw0TeLmYiiOE4NwPLQGUVbSYr5ort8\nBNdtkbIkL41pqfQxpJEBnue4ivNz6BmgXx+EZyHr5RRtehV4hQLdPoN3t3CvFVGz\ns2c1/b3rYo/omIcwYHuaKATWzqgRBMkVMuZKRl/r+EHpZyk8pWSREH29wx0LMAAi\nada76kD19iESiuVPGq4+PecHyd6a1DDmJ+hZ67vfdc2vLaxcaZbOIoMey2DQvrmg\nbQ1CS0251gXme5GP/jgVKuOWE4PWnuMdEeLjvYl24yGGj4ozqMzNFqsmBwZUeJ2/\nYMOHOGyHxF82Nutw79Te95OnAfXM6Yi7PiEsNVWwVkfFb2idtLViYLFfdi44f/jp\n5PXcrJfc+swWAP0sA86jr1NGByB+nnQICKibUJMtPi3NSeT7I02b9XdDoj0CAwEA\nAQKCAgAFFbQ9sOeNztWCQAsWASg1mjUFkZ7o6bpW2PkMg+7b86R/CS608zBdDmrR\nliyD+rqaTGr3ZFzi9KYOM6+JWLOBm8QuxccMnxzMyYteW9M/A3U91+6vGFj2DUyN\nSa15DNXbysL4cfSlwkcM6qyDzg3Yjg7aUfhFYSL1YdDWXo6NjmduBWSd72UKD+Vt\nDzJvtz9VbcYd7HRpYDo+xLx8/PjiC69sLIrjc6mk1HMi3JdaOb1sAsglCS0uPqdv\ntimKuIDCFY2Lk0Q97QguKbHcHEN71L6Y1z2K+O/NjqEnSzmHqgMP0Xo6XJA3bGqp\npDqZAFgZIz3u0eT5XtVOYuJ5LXAL3s/6S+I9oBPQRRtvqur0648r5GHoCvKPf/Bf\n/U+UR5CTk/+QPQm67xBZmpcVHbAnGrmkT1HIbwTOJ580fTjcPq8500ZTEd092LpV\nN0fQa5dTRXunmMsitMecG+bVStrntEM6qoaywKbeUYhwBIy08SKQLK8gnuQok9wE\nJu+gK1NGHyd8z/MXFB1ahUY6NScK9401msU61J5Tunjln08fJOl7GM3oQwpm2lrf\nhug5pWE2+zEsSDV9GWLr78/BNs76cz8Ns5uf2D7n4RjWJklWxlgh5z9LoM3nBhRa\nNL+TrIzXk5Icazm4o+hoFXjMXSmhZPyHkdOoLcj27W66o93+eQKCAQEA7PAoLnuF\n+MY7bqKmlLtDsZ0L9pQi7u6/EYweE8LyOjUChMDr5BmGNmWBbrA9gINnNv/y9pgc\nmiAO5CM+pH4h7ZJZAXrTKtyOR0p5nn90IDKaPUr+GYtuwknbmOu+x3V1LVoU3sS4\nn3GGXHvdBn8CFhzHYUVvVkYt0FXb1jgfH9PN6ZU/OTN/T4zan8abBGFd9A9pnqR0\na1cigA9QakJdAatANuFDYQL06c9DJL3he5hhP6CiA5Pv6DR+cSlYX0cgHYAY7RE3\nWhzn95qVw7nboasLCeRYC2+vC4vHUpWogkHYhB9X2lxPLmMDOSPK8Ho6otRpfEPu\noa8wOxcO3vaiyQKCAQEAyYL5xmIRAinEMxfqu1FXDYmJVI+5nHoLRdbzJhBJ1KZi\nJPak9MsvVBQUyahywwwj18GR4+Tm3eE16FxS85jlV88E/I5ANmmXXjBP5hykTigE\n9sgKMFBDMgySgdmk4kCLvNhGSHKQ8HWw/NGjJ+pTyqYGI4zqTE+dQSEQuS/ndzk9\nv8e+LyUlGXgiF1DzZN37WQ8xltKLwgf+yeAu40I7zDEnKvEEkc92qNX3Eb5H9C6d\nWpXYJApuBNo+WzR6LuaoXlXbeRqGhPUNEn9wN2Z7QKo4TxifxzYIVRDdWcvvcKHe\nJiIy0R2aoIpupwvzy0HserEU1JtfbRzsmpLudhwp1QKCAQBGTcQ+dpx8AqXj4BM5\nko81hnnkQnRTHThIhqDuECw7pTsIFQ5pckFmppvPMjAtj8/ye+Ol0+C4wsZoXyTZ\nPivnCEOssrsxvpvg/3Iy23KjkyA9C6F2Bu9oau3j5B+Jo4qPWGlU6F43wUGy83XT\n1Z/S29s1O5sbqFsztCY03BYwJXK12nkWCfe+rPa57f5VQGbWYjRexEFfEE3GXcTo\noqRiOGQnZJPPl0cAkWVE46qiN8azUICCO0U2S00xWqlELCCVYEsFHNSlwmn6CD5k\nAyPuRohR+RU+33a7IFCWap3DeLI8EejJfBZqlyp/q+UtkbcQVaKvIqEODKNtBRx+\ngAQxAoIBAC3KIU+/APZo3zhs+t3NweZFlnssnZS89srL6TyA/wXfOPYFRb6KXRrR\n5Vdde5Zur8ZbKfeLEBrjDgja0c6gs5ycYhmxiU3T+J1ihQVZBMztsxMQqaAI3PwG\nd1QiTKFM4XPsASx9PAon9Cu+x0BOsvOdfk+dua/Vd3pRNSefhw1EaI+np8O2wRNk\nhPqfXm9RMcgu96m59iAFCRR+aKkjZ8sicDAFzHAFoIUE+buCbX9DCGaJHjAyXoWj\nwf+fkRQPPbsR72k5ac/Ujz/gzXMJSoCLLXhrtALkeEg8KNA60xHY9k3b/4gdHgHU\n8wfqY1+Qf1fx3TXiiHCW3fzR3nXgOHECggEAOCCoyeQJOJftbYnRWpKWPZnECNpn\nbahsqMsVdUnJjEzKNOkFvQIl8QqR1KsZ2QK/a+yFaq+HoaLbiUD7Yv0VqiaVH43U\njtYZW0LRIqhPAcSv2p1SD6JAaf8ghLM9QIBvudL4Ji8JUjbCDNWc+R1XI5WW9zhE\n/svtrTUlSjqjyQnrp0eTn6EHHwVfX2ogsBVl05VbHrdZ4HYl10tulNQb8tXMJrZz\nP8s66RP5ljFDAgVt5tNItC4Nc7uw9umm6GTsCfitPHvbIRMxPMu7PIz4aKscCjGu\n4O4yxEV5hjz95IM0Tu7fYty1JVRwu4lYtSczEQ3LXZiEpjhSil+0SGnV/Q==\n-----END RSA PRIVATE KEY-----\n",
            "private_key_pem_pkcs8": "-----BEGIN PRIVATE KEY-----\nMIIJQQIBADANBgkqhkiG9w0BAQEFAASCCSswggknAgEAAoICAQC6gciuGi7hydCo\nt0yfyd86DQ5U1yCQg7UmDIWaoQZ3fkFcHehzLgBAA2u1frUNZUXQyw+yiMw3GFKm\nPFqOPINt5YkV85S+JtEZKJsDADGxqCLcBs9BBDLrp/iiOOsUES4eGvlCgXbFfxhZ\nXYOh8tcTAZlAxYUwqkLpuVMFCQ0XGORxvIlOaPJYwDRKKdYUOnbNQnOCbZVOW0jk\nPMlDun4DvCdhh98LpgkrLPLBdNZQ5J6SYvR51NVBoglLMt0hkax7Z+4b1yPPnJS/\n1HJzSLDRN4uZiKI4Tg3A8tAZRVtJivmiu3wE122RsiQvjWmp9DGkkQGe57iK83Po\nGaBfH4RnIevlFG16FXiFAt0+g3e3cK8VUbOzZzX9vetij+iYhzBge5ooBNbOqBEE\nyRUy5kpGX+v4QelnKTylZJEQfb3DHQswACJp1rvqQPX2IRKK5U8arj495wfJ3prU\nMOYn6Fnru991za8trFxpls4igx7LYNC+uaBtDUJLTbnWBeZ7kY/+OBUq45YTg9ae\n4x0R4uO9iXbjIYaPijOozM0WqyYHBlR4nb9gw4c4bIfEXzY263Dv1N73k6cB9czp\niLs+ISw1VbBWR8VvaJ20tWJgsV92Ljh/+Onk9dysl9z6zBYA/SwDzqOvU0YHIH6e\ndAgIqJtQky0+Lc1J5PsjTZv1d0OiPQIDAQABAoICAAUVtD2w543O1YJACxYBKDWa\nNQWRnujpulbY+QyD7tvzpH8JLrTzMF0OatGWLIP6uppMavdkXOL0pg4zr4lYs4Gb\nxC7FxwyfHMzJi15b0z8DdT3X7q8YWPYNTI1JrXkM1dvKwvhx9KXCRwzqrIPODdiO\nDtpR+EVhIvVh0NZejo2OZ24FZJ3vZQoP5W0PMm+3P1Vtxh3sdGlgOj7EvHz8+OIL\nr2wsiuNzqaTUcyLcl1o5vWwCyCUJLS4+p2+2KYq4gMIVjYuTRD3tCC4psdwcQ3vU\nvpjXPYr4782OoSdLOYeqAw/RejpckDdsaqmkOpkAWBkjPe7R5Ple1U5i4nktcAve\nz/pL4j2gE9BFG2+q6vTrjyvkYegK8o9/8F/9T5RHkJOT/5A9CbrvEFmalxUdsCca\nuaRPUchvBM4nnzR9ONw+rznTRlMR3T3YulU3R9Brl1NFe6eYyyK0x5wb5tVK2ue0\nQzqqhrLApt5RiHAEjLTxIpAsryCe5CiT3AQm76ArU0YfJ3zP8xcUHVqFRjo1Jwr3\njTWaxTrUnlO6eOWfTx8k6XsYzehDCmbaWt+G6DmlYTb7MSxINX0ZYuvvz8E2zvpz\nPw2zm5/YPufhGNYmSVbGWCHnP0ugzecGFFo0v5OsjNeTkhxrObij6GgVeMxdKaFk\n/IeR06gtyPbtbrqj3f55AoIBAQDs8Cgue4X4xjtuoqaUu0OxnQv2lCLu7r8RjB4T\nwvI6NQKEwOvkGYY2ZYFusD2Ag2c2//L2mByaIA7kIz6kfiHtklkBetMq3I5HSnme\nf3QgMpo9Sv4Zi27CSduY677HdXUtWhTexLifcYZce90GfwIWHMdhRW9WRi3QVdvW\nOB8f083plT85M39PjNqfxpsEYV30D2mepHRrVyKAD1BqQl0Bq0A24UNhAvTpz0Mk\nveF7mGE/oKIDk+/oNH5xKVhfRyAdgBjtETdaHOf3mpXDuduhqwsJ5FgLb68Li8dS\nlaiCQdiEH1faXE8uYwM5I8rwejqi1Gl8Q+6hrzA7Fw7e9qLJAoIBAQDJgvnGYhEC\nKcQzF+q7UVcNiYlUj7mcegtF1vMmEEnUpmIk9qT0yy9UFBTJqHLDDCPXwZHj5Obd\n4TXoXFLzmOVXzwT8jkA2aZdeME/mHKROKAT2yAowUEMyDJKB2aTiQIu82EZIcpDw\ndbD80aMn6lPKpgYjjOpMT51BIRC5L+d3OT2/x74vJSUZeCIXUPNk3ftZDzGW0ovC\nB/7J4C7jQjvMMScq8QSRz3ao1fcRvkf0Lp1aldgkCm4E2j5bNHou5qheVdt5GoaE\n9Q0Sf3A3ZntAqjhPGJ/HNghVEN1Zy+9wod4mIjLRHZqgim6nC/PLQex6sRTUm19t\nHOyaku52HCnVAoIBAEZNxD52nHwCpePgEzmSjzWGeeRCdFMdOEiGoO4QLDulOwgV\nDmlyQWamm88yMC2Pz/J746XT4LjCxmhfJNk+K+cIQ6yyuzG+m+D/cjLbcqOTID0L\noXYG72hq7ePkH4mjio9YaVToXjfBQbLzddPVn9Lb2zU7mxuoWzO0JjTcFjAlcrXa\neRYJ976s9rnt/lVAZtZiNF7EQV8QTcZdxOiipGI4ZCdkk8+XRwCRZUTjqqI3xrNQ\ngII7RTZLTTFaqUQsIJVgSwUc1KXCafoIPmQDI+5GiFH5FT7fdrsgUJZqncN4sjwR\n6Ml8FmqXKn+r5S2RtxBVoq8ioQ4Mo20FHH6ABDECggEALcohT78A9mjfOGz63c3B\n5kWWeyydlLz2ysvpPID/Bd849gVFvopdGtHlV117lm6vxlsp94sQGuMOCNrRzqCz\nnJxiGbGJTdP4nWKFBVkEzO2zExCpoAjc/AZ3VCJMoUzhc+wBLH08Cif0K77HQE6y\n851+T525r9V3elE1J5+HDURoj6enw7bBE2SE+p9eb1ExyC73qbn2IAUJFH5oqSNn\nyyJwMAXMcAWghQT5u4Jtf0MIZokeMDJehaPB/5+RFA89uxHvaTlpz9SPP+DNcwlK\ngIsteGu0AuR4SDwo0DrTEdj2Tdv/iB0eAdTzB+pjX5B/V/HdNeKIcJbd/NHedeA4\ncQKCAQA4IKjJ5Ak4l+1tidFakpY9mcQI2mdtqGyoyxV1ScmMTMo06QW9AiXxCpHU\nqxnZAr9r7IVqr4ehotuJQPti/RWqJpUfjdSO1hlbQtEiqE8BxK/anVIPokBp/yCE\nsz1AgG+50vgmLwlSNsIM1Zz5HVcjlZb3OET+y+2tNSVKOqPJCeunR5OfoQcfBV9f\naiCwFWXTlVset1ngdiXXS26U1Bvy1cwmtnM/yzrpE/mWMUMCBW3m00i0Lg1zu7D2\n6aboZOwJ+K08e9shEzE8y7s8jPhoqxwKMa7g7jLERXmGPP3kgzRO7t9i3LUlVHC7\niVi1JzMRDctdmISmOFKKX7RIadX9\n-----END PRIVATE KEY-----\n",
            "public_key_fingerprint_md5": "40:89:c8:1f:aa:42:37:4e:b5:37:01:d8:0b:66:59:2d",
            "public_key_fingerprint_sha256": "SHA256:A8krqxeCDuLytDJRxGumnNOylW6WVMCCAPT3r+QJZ0o",
            "public_key_openssh": "ssh-rsa AAAAB3NzaC1yc2EAAAADAQABAAACAQC6gciuGi7hydCot0yfyd86DQ5U1yCQg7UmDIWaoQZ3fkFcHehzLgBAA2u1frUNZUXQyw+yiMw3GFKmPFqOPINt5YkV85S+JtEZKJsDADGxqCLcBs9BBDLrp/iiOOsUES4eGvlCgXbFfxhZXYOh8tcTAZlAxYUwqkLpuVMFCQ0XGORxvIlOaPJYwDRKKdYUOnbNQnOCbZVOW0jkPMlDun4DvCdhh98LpgkrLPLBdNZQ5J6SYvR51NVBoglLMt0hkax7Z+4b1yPPnJS/1HJzSLDRN4uZiKI4Tg3A8tAZRVtJivmiu3wE122RsiQvjWmp9DGkkQGe57iK83PoGaBfH4RnIevlFG16FXiFAt0+g3e3cK8VUbOzZzX9vetij+iYhzBge5ooBNbOqBEEyRUy5kpGX+v4QelnKTylZJEQfb3DHQswACJp1rvqQPX2IRKK5U8arj495wfJ3prUMOYn6Fnru991za8trFxpls4igx7LYNC+uaBtDUJLTbnWBeZ7kY/+OBUq45YTg9ae4x0R4uO9iXbjIYaPijOozM0WqyYHBlR4nb9gw4c4bIfEXzY263Dv1N73k6cB9czpiLs+ISw1VbBWR8VvaJ20tWJgsV92Ljh/+Onk9dysl9z6zBYA/SwDzqOvU0YHIH6edAgIqJtQky0+Lc1J5PsjTZv1d0OiPQ==\n",
            "public_key_pem": "-----BEGIN PUBLIC KEY-----\nMIICIjANBgkqhkiG9w0BAQEFAAOCAg8AMIICCgKCAgEAuoHIrhou4cnQqLdMn8nf\nOg0OVNcgkIO1JgyFmqEGd35BXB3ocy4AQANrtX61DWVF0MsPsojMNxhSpjxajjyD\nbeWJFfOUvibRGSibAwAxsagi3AbPQQQy66f4ojjrFBEuHhr5QoF2xX8YWV2DofLX\nEwGZQMWFMKpC6blTBQkNFxjkcbyJTmjyWMA0SinWFDp2zUJzgm2VTltI5DzJQ7p+\nA7wnYYffC6YJKyzywXTWUOSekmL0edTVQaIJSzLdIZGse2fuG9cjz5yUv9Ryc0iw\n0TeLmYiiOE4NwPLQGUVbSYr5ort8BNdtkbIkL41pqfQxpJEBnue4ivNz6BmgXx+E\nZyHr5RRtehV4hQLdPoN3t3CvFVGzs2c1/b3rYo/omIcwYHuaKATWzqgRBMkVMuZK\nRl/r+EHpZyk8pWSREH29wx0LMAAiada76kD19iESiuVPGq4+PecHyd6a1DDmJ+hZ\n67vfdc2vLaxcaZbOIoMey2DQvrmgbQ1CS0251gXme5GP/jgVKuOWE4PWnuMdEeLj\nvYl24yGGj4ozqMzNFqsmBwZUeJ2/YMOHOGyHxF82Nutw79Te95OnAfXM6Yi7PiEs\nNVWwVkfFb2idtLViYLFfdi44f/jp5PXcrJfc+swWAP0sA86jr1NGByB+nnQICKib\nUJMtPi3NSeT7I02b9XdDoj0CAwEAAQ==\n-----END PUBLIC KEY-----\n",
            "rsa_bits": 4096
          },
          "sensitive_attributes": [
            [
              {
                "type": "get_attr",
                "value": "private_key_openssh"
              }
            ],
            [
              {
                "type": "get_attr",
                "value": "private_key_pem"
              }
            ],
            [
              {
                "type": "get_attr",
                "value": "private_key_pem_pkcs8"
              }
            ]
          ]
        }
      ]
    }
  ],
  "check_results": null
}
